
Microsoft Visual Studio Solution File, Format Version 12.00
# Visual Studio Version 17
VisualStudioVersion = 17.12.35527.113
MinimumVisualStudioVersion = 10.0.40219.1
Project("{2150E333-8FDC-42A3-9474-1A3956D46DE8}") = "src", "src", "{999F1EB7-FFDF-4E3E-A69B-3F62590A8D84}"
EndProject
Project("{2150E333-8FDC-42A3-9474-1A3956D46DE8}") = "test", "test", "{1D44CFD9-708E-46C4-A8CB-13C8B5BD348B}"
EndProject
Project("{2150E333-8FDC-42A3-9474-1A3956D46DE8}") = "Core", "Core", "{C0A72EB3-697B-405F-BCB4-7A17DF159BD7}"
EndProject
Project("{2150E333-8FDC-42A3-9474-1A3956D46DE8}") = "External", "External", "{481E3BED-4158-4F5C-B757-D53007752BA3}"
EndProject
Project("{FAE04EC0-301F-11D3-BF4B-00C04F79EFBC}") = "OnlineMuhasebeServer.Application", "OnlineMuhasebeServer.Application\OnlineMuhasebeServer.Application.csproj", "{F65D0557-DB5E-4C99-9698-C393A1A882F9}"
EndProject
Project("{FAE04EC0-301F-11D3-BF4B-00C04F79EFBC}") = "OnlineMuhasebeServer.Domain", "OnlineMuhasebeServer.Domain\OnlineMuhasebeServer.Domain.csproj", "{A2F53AF4-10E3-400A-93AA-D307303F2C28}"
EndProject
Project("{FAE04EC0-301F-11D3-BF4B-00C04F79EFBC}") = "OnlineMuhasebeServer.Infrastructure", "OnlineMuhasebeServer.Infasturcture\OnlineMuhasebeServer.Infrastructure.csproj", "{873195D7-68C1-4B2B-9D07-78AC08B3EA9D}"
EndProject
Project("{FAE04EC0-301F-11D3-BF4B-00C04F79EFBC}") = "OnlineMuhasebeServer.Persistance", "OnlineMuhasebeServer.Persistance\OnlineMuhasebeServer.Persistance.csproj", "{A533F519-B4B5-4B6D-ADA4-39A8D5AE5132}"
EndProject
Project("{FAE04EC0-301F-11D3-BF4B-00C04F79EFBC}") = "OnlineMuhasebeServer.Presentation", "OnlineMuhasebeServer.Presentation\OnlineMuhasebeServer.Presentation.csproj", "{1636D96A-D377-43C6-B983-E81FCCD8D444}"
EndProject
Project("{FAE04EC0-301F-11D3-BF4B-00C04F79EFBC}") = "OnlineMuhasebeServer.WebApi", "OnlineMuhasebeServer.WebApi\OnlineMuhasebeServer.WebApi.csproj", "{AD5C106F-F54E-415D-B424-A0A954149D8C}"
EndProject
Global
	GlobalSection(SolutionConfigurationPlatforms) = preSolution
		Debug|Any CPU = Debug|Any CPU
		Release|Any CPU = Release|Any CPU
	EndGlobalSection
	GlobalSection(ProjectConfigurationPlatforms) = postSolution
		{F65D0557-DB5E-4C99-9698-C393A1A882F9}.Debug|Any CPU.ActiveCfg = Debug|Any CPU
		{F65D0557-DB5E-4C99-9698-C393A1A882F9}.Debug|Any CPU.Build.0 = Debug|Any CPU
		{F65D0557-DB5E-4C99-9698-C393A1A882F9}.Release|Any CPU.ActiveCfg = Release|Any CPU
		{F65D0557-DB5E-4C99-9698-C393A1A882F9}.Release|Any CPU.Build.0 = Release|Any CPU
		{A2F53AF4-10E3-400A-93AA-D307303F2C28}.Debug|Any CPU.ActiveCfg = Debug|Any CPU
		{A2F53AF4-10E3-400A-93AA-D307303F2C28}.Debug|Any CPU.Build.0 = Debug|Any CPU
		{A2F53AF4-10E3-400A-93AA-D307303F2C28}.Release|Any CPU.ActiveCfg = Release|Any CPU
		{A2F53AF4-10E3-400A-93AA-D307303F2C28}.Release|Any CPU.Build.0 = Release|Any CPU
		{873195D7-68C1-4B2B-9D07-78AC08B3EA9D}.Debug|Any CPU.ActiveCfg = Debug|Any CPU
		{873195D7-68C1-4B2B-9D07-78AC08B3EA9D}.Debug|Any CPU.Build.0 = Debug|Any CPU
		{873195D7-68C1-4B2B-9D07-78AC08B3EA9D}.Release|Any CPU.ActiveCfg = Release|Any CPU
		{873195D7-68C1-4B2B-9D07-78AC08B3EA9D}.Release|Any CPU.Build.0 = Release|Any CPU
		{A533F519-B4B5-4B6D-ADA4-39A8D5AE5132}.Debug|Any CPU.ActiveCfg = Debug|Any CPU
		{A533F519-B4B5-4B6D-ADA4-39A8D5AE5132}.Debug|Any CPU.Build.0 = Debug|Any CPU
		{A533F519-B4B5-4B6D-ADA4-39A8D5AE5132}.Release|Any CPU.ActiveCfg = Release|Any CPU
		{A533F519-B4B5-4B6D-ADA4-39A8D5AE5132}.Release|Any CPU.Build.0 = Release|Any CPU
		{1636D96A-D377-43C6-B983-E81FCCD8D444}.Debug|Any CPU.ActiveCfg = Debug|Any CPU
		{1636D96A-D377-43C6-B983-E81FCCD8D444}.Debug|Any CPU.Build.0 = Debug|Any CPU
		{1636D96A-D377-43C6-B983-E81FCCD8D444}.Release|Any CPU.ActiveCfg = Release|Any CPU
		{1636D96A-D377-43C6-B983-E81FCCD8D444}.Release|Any CPU.Build.0 = Release|Any CPU
		{AD5C106F-F54E-415D-B424-A0A954149D8C}.Debug|Any CPU.ActiveCfg = Debug|Any CPU
		{AD5C106F-F54E-415D-B424-A0A954149D8C}.Debug|Any CPU.Build.0 = Debug|Any CPU
		{AD5C106F-F54E-415D-B424-A0A954149D8C}.Release|Any CPU.ActiveCfg = Release|Any CPU
		{AD5C106F-F54E-415D-B424-A0A954149D8C}.Release|Any CPU.Build.0 = Release|Any CPU
	EndGlobalSection
	GlobalSection(SolutionProperties) = preSolution
		HideSolutionNode = FALSE
	EndGlobalSection
	GlobalSection(NestedProjects) = preSolution
		{C0A72EB3-697B-405F-BCB4-7A17DF159BD7} = {999F1EB7-FFDF-4E3E-A69B-3F62590A8D84}
		{481E3BED-4158-4F5C-B757-D53007752BA3} = {999F1EB7-FFDF-4E3E-A69B-3F62590A8D84}
		{F65D0557-DB5E-4C99-9698-C393A1A882F9} = {C0A72EB3-697B-405F-BCB4-7A17DF159BD7}
		{A2F53AF4-10E3-400A-93AA-D307303F2C28} = {C0A72EB3-697B-405F-BCB4-7A17DF159BD7}
		{873195D7-68C1-4B2B-9D07-78AC08B3EA9D} = {481E3BED-4158-4F5C-B757-D53007752BA3}
		{A533F519-B4B5-4B6D-ADA4-39A8D5AE5132} = {481E3BED-4158-4F5C-B757-D53007752BA3}
		{1636D96A-D377-43C6-B983-E81FCCD8D444} = {481E3BED-4158-4F5C-B757-D53007752BA3}
		{AD5C106F-F54E-415D-B424-A0A954149D8C} = {999F1EB7-FFDF-4E3E-A69B-3F62590A8D84}
	EndGlobalSection
EndGlobal
